
Microsoft Visual Studio Solution File, Format Version 12.00
# Visual Studio Version 16
VisualStudioVersion = 25.0.1705.6
MinimumVisualStudioVersion = 10.0.40219.1
Project("{FAE04EC0-301F-11D3-BF4B-00C04F79EFBC}") = "RustPluginWorkspace", "RustPluginWorkspace\RustPluginWorkspace.csproj", "{FACE1C0E-4CDD-4D1F-9688-A604F6C6D971}"
EndProject
Global
	GlobalSection(SolutionConfigurationPlatforms) = preSolution
		Debug|Any CPU = Debug|Any CPU
		Release|Any CPU = Release|Any CPU
	EndGlobalSection
	GlobalSection(ProjectConfigurationPlatforms) = postSolution
		{FACE1C0E-4CDD-4D1F-9688-A604F6C6D971}.Debug|Any CPU.ActiveCfg = Debug|Any CPU
		{FACE1C0E-4CDD-4D1F-9688-A604F6C6D971}.Debug|Any CPU.Build.0 = Debug|Any CPU
		{FACE1C0E-4CDD-4D1F-9688-A604F6C6D971}.Release|Any CPU.ActiveCfg = Release|Any CPU
		{FACE1C0E-4CDD-4D1F-9688-A604F6C6D971}.Release|Any CPU.Build.0 = Release|Any CPU
	EndGlobalSection
	GlobalSection(SolutionProperties) = preSolution
		HideSolutionNode = FALSE
	EndGlobalSection
	GlobalSection(ExtensibilityGlobals) = postSolution
		SolutionGuid = {499D3F2A-48EE-4943-9B6D-4481C44C42BE}
	EndGlobalSection
EndGlobal
